
Microsoft Visual Studio Solution File, Format Version 12.00
# Visual Studio Version 17
VisualStudioVersion = 17.9.34701.34
MinimumVisualStudioVersion = 10.0.40219.1
Project("{888888A0-9F3D-457C-B088-3A5042F75D52}") = "cvs2sql", "cvs2sql\cvs2sql.pyproj", "{64D4D33A-BBBF-4CF4-8DE7-60DCDD6B3299}"
EndProject
Global
	GlobalSection(SolutionConfigurationPlatforms) = preSolution
		Debug|Any CPU = Debug|Any CPU
		Release|Any CPU = Release|Any CPU
	EndGlobalSection
	GlobalSection(ProjectConfigurationPlatforms) = postSolution
		{64D4D33A-BBBF-4CF4-8DE7-60DCDD6B3299}.Debug|Any CPU.ActiveCfg = Debug|Any CPU
		{64D4D33A-BBBF-4CF4-8DE7-60DCDD6B3299}.Release|Any CPU.ActiveCfg = Release|Any CPU
	EndGlobalSection
	GlobalSection(SolutionProperties) = preSolution
		HideSolutionNode = FALSE
	EndGlobalSection
	GlobalSection(ExtensibilityGlobals) = postSolution
		SolutionGuid = {BC1BC83B-F032-47E0-8400-D84BD0F9BEBE}
	EndGlobalSection
EndGlobal
